<?xml version="1.0" encoding="UTF-8" standalone="yes" ?>
<CodeBlocks_project_file>
	<FileVersion major="1" minor="6" />
	<Project>
		<Option title="PFProgGraf" />
		<Option pch_mode="2" />
		<Option compiler="gcc" />
		<Build>
			<Target title="Debug">
				<Option output="bin/Debug/PFProgGraf" prefix_auto="1" extension_auto="1" />
				<Option working_dir="C:/Program Files/CodeBlocks/MinGW/x86_64-w64-mingw32/bin" />
				<Option object_output="obj/Debug/" />
				<Option type="1" />
				<Option compiler="gcc" />
				<Compiler>
					<Add option="-g" />
				</Compiler>
			</Target>
			<Target title="Release">
				<Option output="bin/Release/PFProgGraf" prefix_auto="1" extension_auto="1" />
				<Option working_dir="C:/Program Files/CodeBlocks/MinGW/x86_64-w64-mingw32/bin" />
				<Option object_output="obj/Release/" />
				<Option type="1" />
				<Option compiler="gcc" />
				<Option use_console_runner="0" />
				<Compiler>
					<Add option="-O2" />
				</Compiler>
				<Linker>
					<Add option="-s" />
				</Linker>
			</Target>
		</Build>
		<Compiler>
			<Add option="-Wall" />
			<Add directory="C:/Program Files/CodeBlocks/MinGW/x86_64-w64-mingw32/include" />
			<Add directory="src" />
		</Compiler>
		<Linker>
			<Add library="freeglut" />
			<Add library="opengl32" />
			<Add library="glu32" />
			<Add library="winmm" />
			<Add library="gdi32" />
			<Add directory="C:/Program Files/CodeBlocks/MinGW/x86_64-w64-mingw32/lib" />
		</Linker>
		<Unit filename="src/core/Config_ResolucionYTeclas.cpp" />
		<Unit filename="src/core/Config_ResolucionYTeclas.h" />
		<Unit filename="src/core/LecturaDeTeclado_P1_P2.cpp" />
		<Unit filename="src/core/LecturaDeTeclado_P1_P2.h" />
		<Unit filename="src/core/MotorPrincipal_BucleJuego.cpp" />
		<Unit filename="src/core/MotorPrincipal_BucleJuego.h" />
		<Unit filename="src/core/VectoresYMatematicas2D.h" />
		<Unit filename="src/entities/AtributosPersonaje_VidaPosicionEstado.cpp" />
		<Unit filename="src/entities/AtributosPersonaje_VidaPosicionEstado.h" />
		<Unit filename="src/entities/CajasDeGolpeYDanio_Hitbox.cpp" />
		<Unit filename="src/entities/CajasDeGolpeYDanio_Hitbox.h" />
		<Unit filename="src/entities/LimitesDelEscenarioPlataforma.cpp" />
		<Unit filename="src/entities/LimitesDelEscenarioPlataforma.h" />
		<Unit filename="src/graphics/DibujoDePersonaje1_CuerpoYArticulaciones.cpp" />
		<Unit filename="src/graphics/DibujoDePersonaje1_CuerpoYArticulaciones.h" />
		<Unit filename="src/graphics/DibujoDePersonaje2_CuerpoYArticulaciones.cpp" />
		<Unit filename="src/graphics/DibujoDePersonaje2_CuerpoYArticulaciones.h" />
		<Unit filename="src/graphics/DibujoFondoEscenario_MontaniasEdificios.cpp" />
		<Unit filename="src/graphics/DibujoFondoEscenario_MontaniasEdificios.h" />
		<Unit filename="src/graphics/FuncionesParaDibujarFigurasBasicas.cpp" />
		<Unit filename="src/graphics/FuncionesParaDibujarFigurasBasicas.h" />
		<Unit filename="src/graphics/Interfaz_BarrasDeVidaYReloj.cpp" />
		<Unit filename="src/graphics/Interfaz_BarrasDeVidaYReloj.h" />
		<Unit filename="src/main.cpp" />
		<Unit filename="src/states/AdministradorDePantallasYModos.cpp" />
		<Unit filename="src/states/AdministradorDePantallasYModos.h" />
		<Unit filename="src/states/InterfazEstadoBase.h" />
		<Unit filename="src/states/Pantalla_MenuPrincipal.cpp" />
		<Unit filename="src/states/Pantalla_MenuPrincipal.h" />
		<Unit filename="src/states/Pantalla_Opciones.cpp" />
		<Unit filename="src/states/Pantalla_Opciones.h" />
		<Unit filename="src/states/Pantalla_PeleaActiva.cpp" />
		<Unit filename="src/states/Pantalla_PeleaActiva.h" />
		<Unit filename="src/states/Pantalla_SeleccionDePersonajeYMapa.cpp" />
		<Unit filename="src/states/Pantalla_SeleccionDePersonajeYMapa.h" />
		<Unit filename="src/states/Pantalla_VictoriaYFinDeJuego.cpp" />
		<Unit filename="src/states/Pantalla_VictoriaYFinDeJuego.h" />
		<Extensions />
	</Project>
</CodeBlocks_project_file>
